
Microsoft Visual Studio Solution File, Format Version 12.00
# Visual Studio Version 16
VisualStudioVersion = 16.0.29519.87
MinimumVisualStudioVersion = 10.0.40219.1
Project("{FAE04EC0-301F-11D3-BF4B-00C04F79EFBC}") = "Aarhus-Web-Dev-Coop", "Aarhus-Web-Dev-Coop.csproj", "{CE012B79-E74C-49B8-ACB2-E82D08B552E0}"
EndProject
Global
	GlobalSection(SolutionConfigurationPlatforms) = preSolution
		Debug|Any CPU = Debug|Any CPU
		Release|Any CPU = Release|Any CPU
	EndGlobalSection
	GlobalSection(ProjectConfigurationPlatforms) = postSolution
		{CE012B79-E74C-49B8-ACB2-E82D08B552E0}.Debug|Any CPU.ActiveCfg = Debug|Any CPU
		{CE012B79-E74C-49B8-ACB2-E82D08B552E0}.Debug|Any CPU.Build.0 = Debug|Any CPU
		{CE012B79-E74C-49B8-ACB2-E82D08B552E0}.Release|Any CPU.ActiveCfg = Release|Any CPU
		{CE012B79-E74C-49B8-ACB2-E82D08B552E0}.Release|Any CPU.Build.0 = Release|Any CPU
	EndGlobalSection
	GlobalSection(SolutionProperties) = preSolution
		HideSolutionNode = FALSE
	EndGlobalSection
	GlobalSection(ExtensibilityGlobals) = postSolution
		SolutionGuid = {03013599-C873-4FEB-B7EC-983AD38DBF87}
	EndGlobalSection
EndGlobal
